github.com/crgimenes/glaze v0.0.54 h1:7Sc1v3ouhOudPH3fzFcNbOjmGRmH/UoKZdObjRavFJc=
github.com/crgimenes/glaze v0.0.54/go.mod h1:cppy7Il8j9Gf7Y223OMkMqk9cRZ97QNN2QijBhRmjA0=
github.com/ebitengine/purego v0.10.2 h1:W809HbnvzAxgdm+aOvlSekrM16wGCdT/e76+9tS7gzE=
github.com/ebitengine/purego v0.10.2/go.mod h1:iIjxzd6CiRiOG0UyXP+V1+jWqUXVjPKLAI0mRfJZTmQ=
golang.org/x/sys v0.48.0 h1:bbX/i/6MgT9BVLM9RT1thmxL04yeTAhbEz4SyadbXoo=
golang.org/x/sys v0.48.0/go.mod h1:hNLxWAXmnKAxqDtdwIYC4bM9oQPEecfsnNMuSxOs3og=
golang.org/x/term v0.46.0 h1:3+OXuTbaKDgwk8jTi3aSLHRlmWqHEUDUtxnbFigO4YE=
golang.org/x/term v0.46.0/go.mod h1:+K02xbkittuwc0Am4abfA3Fc+XRGXkvBXNO88NCXPoc=
